// !$*UTF8*$!
{
	archiveVersion = 1;
	classes = {
	};
	objectVersion = 77;
	objects = {

/* Begin PBXContainerItemProxy section */
		133AB6602D2C9785007397CF /* PBXContainerItemProxy */ = {
			isa = PBXContainerItemProxy;
			containerPortal = 133AB6472D2C9784007397CF /* Project object */;
			proxyType = 1;
			remoteGlobalIDString = 133AB64E2D2C9784007397CF;
			remoteInfo = HiKiddo;
		};
		133AB66A2D2C9785007397CF /* PBXContainerItemProxy */ = {
			isa = PBXContainerItemProxy;
			containerPortal = 133AB6472D2C9784007397CF /* Project object */;
			proxyType = 1;
			remoteGlobalIDString = 133AB64E2D2C9784007397CF;
			remoteInfo = HiKiddo;
		};
/* End PBXContainerItemProxy section */

/* Begin PBXFileReference section */
		133AB64F2D2C9784007397CF /* HiKiddo.app */ = {isa = PBXFileReference; explicitFileType = wrapper.application; includeInIndex = 0; path = HiKiddo.app; sourceTree = BUILT_PRODUCTS_DIR; };
		133AB65F2D2C9785007397CF /* HiKiddoTests.xctest */ = {isa = PBXFileReference; explicitFileType = wrapper.cfbundle; includeInIndex = 0; path = HiKiddoTests.xctest; sourceTree = BUILT_PRODUCTS_DIR; };
		133AB6692D2C9785007397CF /* HiKiddoUITests.xctest */ = {isa = PBXFileReference; explicitFileType = wrapper.cfbundle; includeInIndex = 0; path = HiKiddoUITests.xctest; sourceTree = BUILT_PRODUCTS_DIR; };
/* End PBXFileReference section */

/* Begin PBXFileSystemSynchronizedBuildFileExceptionSet section */
		133AB67D2D2C9926007397CF /* Exceptions for "HiKiddo" folder in "HiKiddo" target */ = {
			isa = PBXFileSystemSynchronizedBuildFileExceptionSet;
			membershipExceptions = (
				Info.plist,
			);
			target = 133AB64E2D2C9784007397CF /* HiKiddo */;
		};
/* End PBXFileSystemSynchronizedBuildFileExceptionSet section */

/* Begin PBXFileSystemSynchronizedRootGroup section */
		133AB6512D2C9784007397CF /* HiKiddo */ = {
			isa = PBXFileSystemSynchronizedRootGroup;
			exceptions = (
				133AB67D2D2C9926007397CF /* Exceptions for "HiKiddo" folder in "HiKiddo" target */,
			);
			path = HiKiddo;
			sourceTree = "<group>";
		};
		133AB6622D2C9785007397CF /* HiKiddoTests */ = {
			isa = PBXFileSystemSynchronizedRootGroup;
			path = HiKiddoTests;
			sourceTree = "<group>";
		};
		133AB66C2D2C9785007397CF /* HiKiddoUITests */ = {
			isa = PBXFileSystemSynchronizedRootGroup;
			path = HiKiddoUITests;
			sourceTree = "<group>";
		};
/* End PBXFileSystemSynchronizedRootGroup section */

/* Begin PBXFrameworksBuildPhase section */
		133AB64C2D2C9784007397CF /* Frameworks */ = {
			isa = PBXFrameworksBuildPhase;
			buildActionMask = 2147483647;
			files = (
			);
			runOnlyForDeploymentPostprocessing = 0;
		};
		133AB65C2D2C9785007397CF /* Frameworks */ = {
			isa = PBXFrameworksBuildPhase;
			buildActionMask = 2147483647;
			files = (
			);
			runOnlyForDeploymentPostprocessing = 0;
		};
		133AB6662D2C9785007397CF /* Frameworks */ = {
			isa = PBXFrameworksBuildPhase;
			buildActionMask = 2147483647;
			files = (
			);
			runOnlyForDeploymentPostprocessing = 0;
		};
/* End PBXFrameworksBuildPhase section */

/* Begin PBXGroup section */
		133AB6462D2C9784007397CF = {
			isa = PBXGroup;
			children = (
				133AB6512D2C9784007397CF /* HiKiddo */,
				133AB6622D2C9785007397CF /* HiKiddoTests */,
				133AB66C2D2C9785007397CF /* HiKiddoUITests */,
				133AB6502D2C9784007397CF /* Products */,
			);
			sourceTree = "<group>";
		};
		133AB6502D2C9784007397CF /* Products */ = {
			isa = PBXGroup;
			children = (
				133AB64F2D2C9784007397CF /* HiKiddo.app */,
				133AB65F2D2C9785007397CF /* HiKiddoTests.xctest */,
				133AB6692D2C9785007397CF /* HiKiddoUITests.xctest */,
			);
			name = Products;
			sourceTree = "<group>";
		};
/* End PBXGroup section */

/* Begin PBXNativeTarget section */
		133AB64E2D2C9784007397CF /* HiKiddo */ = {
			isa = PBXNativeTarget;
			buildConfigurationList = 133AB6732D2C9785007397CF /* Build configuration list for PBXNativeTarget "HiKiddo" */;
			buildPhases = (
				133AB64B2D2C9784007397CF /* Sources */,
				133AB64C2D2C9784007397CF /* Frameworks */,
				133AB64D2D2C9784007397CF /* Resources */,
			);
			buildRules = (
			);
			dependencies = (
			);
			fileSystemSynchronizedGroups = (
				133AB6512D2C9784007397CF /* HiKiddo */,
			);
			name = HiKiddo;
			packageProductDependencies = (
			);
			productName = HiKiddo;
			productReference = 133AB64F2D2C9784007397CF /* HiKiddo.app */;
			productType = "com.apple.product-type.application";
		};
		133AB65E2D2C9785007397CF /* HiKiddoTests */ = {
			isa = PBXNativeTarget;
			buildConfigurationList = 133AB6762D2C9785007397CF /* Build configuration list for PBXNativeTarget "HiKiddoTests" */;
			buildPhases = (
				133AB65B2D2C9785007397CF /* Sources */,
				133AB65C2D2C9785007397CF /* Frameworks */,
				133AB65D2D2C9785007397CF /* Resources */,
			);
			buildRules = (
			);
			dependencies = (
				133AB6612D2C9785007397CF /* PBXTargetDependency */,
			);
			fileSystemSynchronizedGroups = (
				133AB6622D2C9785007397CF /* HiKiddoTests */,
			);
			name = HiKiddoTests;
			packageProductDependencies = (
			);
			productName = HiKiddoTests;
			productReference = 133AB65F2D2C9785007397CF /* HiKiddoTests.xctest */;
			productType = "com.apple.product-type.bundle.unit-test";
		};
		133AB6682D2C9785007397CF /* HiKiddoUITests */ = {
			isa = PBXNativeTarget;
			buildConfigurationList = 133AB6792D2C9785007397CF /* Build configuration list for PBXNativeTarget "HiKiddoUITests" */;
			buildPhases = (
				133AB6652D2C9785007397CF /* Sources */,
				133AB6662D2C9785007397CF /* Frameworks */,
				133AB6672D2C9785007397CF /* Resources */,
			);
			buildRules = (
			);
			dependencies = (
				133AB66B2D2C9785007397CF /* PBXTargetDependency */,
			);
			fileSystemSynchronizedGroups = (
				133AB66C2D2C9785007397CF /* HiKiddoUITests */,
			);
			name = HiKiddoUITests;
			packageProductDependencies = (
			);
			productName = HiKiddoUITests;
			productReference = 133AB6692D2C9785007397CF /* HiKiddoUITests.xctest */;
			productType = "com.apple.product-type.bundle.ui-testing";
		};
/* End PBXNativeTarget section */

/* Begin PBXProject section */
		133AB6472D2C9784007397CF /* Project object */ = {
			isa = PBXProject;
			attributes = {
				BuildIndependentTargetsInParallel = 1;
				LastSwiftUpdateCheck = 1610;
				LastUpgradeCheck = 1610;
				TargetAttributes = {
					133AB64E2D2C9784007397CF = {
						CreatedOnToolsVersion = 16.1;
					};
					133AB65E2D2C9785007397CF = {
						CreatedOnToolsVersion = 16.1;
						TestTargetID = 133AB64E2D2C9784007397CF;
					};
					133AB6682D2C9785007397CF = {
						CreatedOnToolsVersion = 16.1;
						TestTargetID = 133AB64E2D2C9784007397CF;
					};
				};
			};
			buildConfigurationList = 133AB64A2D2C9784007397CF /* Build configuration list for PBXProject "HiKiddo" */;
			developmentRegion = en;
			hasScannedForEncodings = 0;
			knownRegions = (
				en,
				Base,
			);
			mainGroup = 133AB6462D2C9784007397CF;
			minimizedProjectReferenceProxies = 1;
			preferredProjectObjectVersion = 77;
			productRefGroup = 133AB6502D2C9784007397CF /* Products */;
			projectDirPath = "";
			projectRoot = "";
			targets = (
				133AB64E2D2C9784007397CF /* HiKiddo */,
				133AB65E2D2C9785007397CF /* HiKiddoTests */,
				133AB6682D2C9785007397CF /* HiKiddoUITests */,
			);
		};
/* End PBXProject section */

/* Begin PBXResourcesBuildPhase section */
		133AB64D2D2C9784007397CF /* Resources */ = {
			isa = PBXResourcesBuildPhase;
			buildActionMask = 2147483647;
			files = (
			);
			runOnlyForDeploymentPostprocessing = 0;
		};
		133AB65D2D2C9785007397CF /* Resources */ = {
			isa = PBXResourcesBuildPhase;
			buildActionMask = 2147483647;
			files = (
			);
			runOnlyForDeploymentPostprocessing = 0;
		};
		133AB6672D2C9785007397CF /* Resources */ = {
			isa = PBXResourcesBuildPhase;
			buildActionMask = 2147483647;
			files = (
			);
			runOnlyForDeploymentPostprocessing = 0;
		};
/* End PBXResourcesBuildPhase section */

/* Begin PBXSourcesBuildPhase section */
		133AB64B2D2C9784007397CF /* Sources */ = {
			isa = PBXSourcesBuildPhase;
			buildActionMask = 2147483647;
			files = (
			);
			runOnlyForDeploymentPostprocessing = 0;
		};
		133AB65B2D2C9785007397CF /* Sources */ = {
			isa = PBXSourcesBuildPhase;
			buildActionMask = 2147483647;
			files = (
			);
			runOnlyForDeploymentPostprocessing = 0;
		};
		133AB6652D2C9785007397CF /* Sources */ = {
			isa = PBXSourcesBuildPhase;
			buildActionMask = 2147483647;
			files = (
			);
			runOnlyForDeploymentPostprocessing = 0;
		};
/* End PBXSourcesBuildPhase section */

/* Begin PBXTargetDependency section */
		133AB6612D2C9785007397CF /* PBXTargetDependency */ = {
			isa = PBXTargetDependency;
			target = 133AB64E2D2C9784007397CF /* HiKiddo */;
			targetProxy = 133AB6602D2C9785007397CF /* PBXContainerItemProxy */;
		};
		133AB66B2D2C9785007397CF /* PBXTargetDependency */ = {
			isa = PBXTargetDependency;
			target = 133AB64E2D2C9784007397CF /* HiKiddo */;
			targetProxy = 133AB66A2D2C9785007397CF /* PBXContainerItemProxy */;
		};
/* End PBXTargetDependency section */

/* Begin XCBuildConfiguration section */
		133AB6712D2C9785007397CF /* Debug */ = {
			isa = XCBuildConfiguration;
			buildSettings = {
				ALWAYS_SEARCH_USER_PATHS = NO;
				ASSETCATALOG_COMPILER_GENERATE_SWIFT_ASSET_SYMBOL_EXTENSIONS = YES;
				CLANG_ANALYZER_NONNULL = YES;
				CLANG_ANALYZER_NUMBER_OBJECT_CONVERSION = YES_AGGRESSIVE;
				CLANG_CXX_LANGUAGE_STANDARD = "gnu++20";
				CLANG_ENABLE_MODULES = YES;
				CLANG_ENABLE_OBJC_ARC = YES;
				CLANG_ENABLE_OBJC_WEAK = YES;
				CLANG_WARN_BLOCK_CAPTURE_AUTORELEASING = YES;
				CLANG_WARN_BOOL_CONVERSION = YES;
				CLANG_WARN_COMMA = YES;
				CLANG_WARN_CONSTANT_CONVERSION = YES;
				CLANG_WARN_DEPRECATED_OBJC_IMPLEMENTATIONS = YES;
				CLANG_WARN_DIRECT_OBJC_ISA_USAGE = YES_ERROR;
				CLANG_WARN_DOCUMENTATION_COMMENTS = YES;
				CLANG_WARN_EMPTY_BODY = YES;
				CLANG_WARN_ENUM_CONVERSION = YES;
				CLANG_WARN_INFINITE_RECURSION = YES;
				CLANG_WARN_INT_CONVERSION = YES;
				CLANG_WARN_NON_LITERAL_NULL_CONVERSION = YES;
				CLANG_WARN_OBJC_IMPLICIT_RETAIN_SELF = YES;
				CLANG_WARN_OBJC_LITERAL_CONVERSION = YES;
				CLANG_WARN_OBJC_ROOT_CLASS = YES_ERROR;
				CLANG_WARN_QUOTED_INCLUDE_IN_FRAMEWORK_HEADER = YES;
				CLANG_WARN_RANGE_LOOP_ANALYSIS = YES;
				CLANG_WARN_STRICT_PROTOTYPES = YES;
				CLANG_WARN_SUSPICIOUS_MOVE = YES;
				CLANG_WARN_UNGUARDED_AVAILABILITY = YES_AGGRESSIVE;
				CLANG_WARN_UNREACHABLE_CODE = YES;
				CLANG_WARN__DUPLICATE_METHOD_MATCH = YES;
				COPY_PHASE_STRIP = NO;
				DEBUG_INFORMATION_FORMAT = dwarf;
				ENABLE_STRICT_OBJC_MSGSEND = YES;
				ENABLE_TESTABILITY = YES;
				ENABLE_USER_SCRIPT_SANDBOXING = YES;
				GCC_C_LANGUAGE_STANDARD = gnu17;
				GCC_DYNAMIC_NO_PIC = NO;
				GCC_NO_COMMON_BLOCKS = YES;
				GCC_OPTIMIZATION_LEVEL = 0;
				GCC_PREPROCESSOR_DEFINITIONS = (
					"DEBUG=1",
					"$(inherited)",
				);
				GCC_WARN_64_TO_32_BIT_CONVERSION = YES;
				GCC_WARN_ABOUT_RETURN_TYPE = YES_ERROR;
				GCC_WARN_UNDECLARED_SELECTOR = YES;
				GCC_WARN_UNINITIALIZED_AUTOS = YES_AGGRESSIVE;
				GCC_WARN_UNUSED_FUNCTION = YES;
				GCC_WARN_UNUSED_VARIABLE = YES;
				IPHONEOS_DEPLOYMENT_TARGET = 18.1;
				LOCALIZATION_PREFERS_STRING_CATALOGS = YES;
				MTL_ENABLE_DEBUG_INFO = INCLUDE_SOURCE;
				MTL_FAST_MATH = YES;
				ONLY_ACTIVE_ARCH = YES;
				SDKROOT = iphoneos;
				SWIFT_ACTIVE_COMPILATION_CONDITIONS = "DEBUG $(inherited)";
				SWIFT_OPTIMIZATION_LEVEL = "-Onone";
			};
			name = Debug;
		};
		133AB6722D2C9785007397CF /* Release */ = {
			isa = XCBuildConfiguration;
			buildSettings = {
				ALWAYS_SEARCH_USER_PATHS = NO;
				ASSETCATALOG_COMPILER_GENERATE_SWIFT_ASSET_SYMBOL_EXTENSIONS = YES;
				CLANG_ANALYZER_NONNULL = YES;
				CLANG_ANALYZER_NUMBER_OBJECT_CONVERSION = YES_AGGRESSIVE;
				CLANG_CXX_LANGUAGE_STANDARD = "gnu++20";
				CLANG_ENABLE_MODULES = YES;
				CLANG_ENABLE_OBJC_ARC = YES;
				CLANG_ENABLE_OBJC_WEAK = YES;
				CLANG_WARN_BLOCK_CAPTURE_AUTORELEASING = YES;
				CLANG_WARN_BOOL_CONVERSION = YES;
				CLANG_WARN_COMMA = YES;
				CLANG_WARN_CONSTANT_CONVERSION = YES;
				CLANG_WARN_DEPRECATED_OBJC_IMPLEMENTATIONS = YES;
				CLANG_WARN_DIRECT_OBJC_ISA_USAGE = YES_ERROR;
				CLANG_WARN_DOCUMENTATION_COMMENTS = YES;
				CLANG_WARN_EMPTY_BODY = YES;
				CLANG_WARN_ENUM_CONVERSION = YES;
				CLANG_WARN_INFINITE_RECURSION = YES;
				CLANG_WARN_INT_CONVERSION = YES;
				CLANG_WARN_NON_LITERAL_NULL_CONVERSION = YES;
				CLANG_WARN_OBJC_IMPLICIT_RETAIN_SELF = YES;
				CLANG_WARN_OBJC_LITERAL_CONVERSION = YES;
				CLANG_WARN_OBJC_ROOT_CLASS = YES_ERROR;
				CLANG_WARN_QUOTED_INCLUDE_IN_FRAMEWORK_HEADER = YES;
				CLANG_WARN_RANGE_LOOP_ANALYSIS = YES;
				CLANG_WARN_STRICT_PROTOTYPES = YES;
				CLANG_WARN_SUSPICIOUS_MOVE = YES;
				CLANG_WARN_UNGUARDED_AVAILABILITY = YES_AGGRESSIVE;
				CLANG_WARN_UNREACHABLE_CODE = YES;
				CLANG_WARN__DUPLICATE_METHOD_MATCH = YES;
				COPY_PHASE_STRIP = NO;
				DEBUG_INFORMATION_FORMAT = "dwarf-with-dsym";
				ENABLE_NS_ASSERTIONS = NO;
				ENABLE_STRICT_OBJC_MSGSEND = YES;
				ENABLE_USER_SCRIPT_SANDBOXING = YES;
				GCC_C_LANGUAGE_STANDARD = gnu17;
				GCC_NO_COMMON_BLOCKS = YES;
				GCC_WARN_64_TO_32_BIT_CONVERSION = YES;
				GCC_WARN_ABOUT_RETURN_TYPE = YES_ERROR;
				GCC_WARN_UNDECLARED_SELECTOR = YES;
				GCC_WARN_UNINITIALIZED_AUTOS = YES_AGGRESSIVE;
				GCC_WARN_UNUSED_FUNCTION = YES;
				GCC_WARN_UNUSED_VARIABLE = YES;
				IPHONEOS_DEPLOYMENT_TARGET = 18.1;
				LOCALIZATION_PREFERS_STRING_CATALOGS = YES;
				MTL_ENABLE_DEBUG_INFO = NO;
				MTL_FAST_MATH = YES;
				SDKROOT = iphoneos;
				SWIFT_COMPILATION_MODE = wholemodule;
				VALIDATE_PRODUCT = YES;
			};
			name = Release;
		};
		133AB6742D2C9785007397CF /* Debug */ = {
			isa = XCBuildConfiguration;
			buildSettings = {
				ASSETCATALOG_COMPILER_APPICON_NAME = AppIcon;
				ASSETCATALOG_COMPILER_GLOBAL_ACCENT_COLOR_NAME = AccentColor;
				CODE_SIGN_STYLE = Automatic;
				CURRENT_PROJECT_VERSION = 1;
				DEVELOPMENT_ASSET_PATHS = "\"HiKiddo/Preview Content\"";
				DEVELOPMENT_TEAM = M6FZGDWLJ4;
				ENABLE_PREVIEWS = YES;
				GENERATE_INFOPLIST_FILE = YES;
				INFOPLIST_FILE = HiKiddo/Info.plist;
				INFOPLIST_KEY_UIApplicationSceneManifest_Generation = YES;
				INFOPLIST_KEY_UIApplicationSupportsIndirectInputEvents = YES;
				INFOPLIST_KEY_UISupportedInterfaceOrientations_iPad = "UIInterfaceOrientationPortrait UIInterfaceOrientationPortraitUpsideDown UIInterfaceOrientationLandscapeLeft UIInterfaceOrientationLandscapeRight";
				INFOPLIST_KEY_UISupportedInterfaceOrientations_iPhone = "UIInterfaceOrientationPortrait UIInterfaceOrientationLandscapeLeft UIInterfaceOrientationLandscapeRight";
				LD_RUNPATH_SEARCH_PATHS = (
					"$(inherited)",
					"@executable_path/Frameworks",
				);
				MARKETING_VERSION = 1.0;
				PRODUCT_BUNDLE_IDENTIFIER = HiKiddo.HiKiddo;
				PRODUCT_NAME = "$(TARGET_NAME)";
				SWIFT_EMIT_LOC_STRINGS = YES;
				SWIFT_VERSION = 5.0;
				TARGETED_DEVICE_FAMILY = "1,2";
			};
			name = Debug;
		};
		133AB6752D2C9785007397CF /* Release */ = {
			isa = XCBuildConfiguration;
			buildSettings = {
				ASSETCATALOG_COMPILER_APPICON_NAME = AppIcon;
				ASSETCATALOG_COMPILER_GLOBAL_ACCENT_COLOR_NAME = AccentColor;
				CODE_SIGN_STYLE = Automatic;
				CURRENT_PROJECT_VERSION = 1;
				DEVELOPMENT_ASSET_PATHS = "\"HiKiddo/Preview Content\"";
				DEVELOPMENT_TEAM = M6FZGDWLJ4;
				ENABLE_PREVIEWS = YES;
				GENERATE_INFOPLIST_FILE = YES;
				INFOPLIST_FILE = HiKiddo/Info.plist;
				INFOPLIST_KEY_UIApplicationSceneManifest_Generation = YES;
				INFOPLIST_KEY_UIApplicationSupportsIndirectInputEvents = YES;
				INFOPLIST_KEY_UISupportedInterfaceOrientations_iPad = "UIInterfaceOrientationPortrait UIInterfaceOrientationPortraitUpsideDown UIInterfaceOrientationLandscapeLeft UIInterfaceOrientationLandscapeRight";
				INFOPLIST_KEY_UISupportedInterfaceOrientations_iPhone = "UIInterfaceOrientationPortrait UIInterfaceOrientationLandscapeLeft UIInterfaceOrientationLandscapeRight";
				LD_RUNPATH_SEARCH_PATHS = (
					"$(inherited)",
					"@executable_path/Frameworks",
				);
				MARKETING_VERSION = 1.0;
				PRODUCT_BUNDLE_IDENTIFIER = HiKiddo.HiKiddo;
				PRODUCT_NAME = "$(TARGET_NAME)";
				SWIFT_EMIT_LOC_STRINGS = YES;
				SWIFT_VERSION = 5.0;
				TARGETED_DEVICE_FAMILY = "1,2";
			};
			name = Release;
		};
		133AB6772D2C9785007397CF /* Debug */ = {
			isa = XCBuildConfiguration;
			buildSettings = {
				BUNDLE_LOADER = "$(TEST_HOST)";
				CODE_SIGN_STYLE = Automatic;
				CURRENT_PROJECT_VERSION = 1;
				DEVELOPMENT_TEAM = M6FZGDWLJ4;
				GENERATE_INFOPLIST_FILE = YES;
				IPHONEOS_DEPLOYMENT_TARGET = 18.1;
				MARKETING_VERSION = 1.0;
				PRODUCT_BUNDLE_IDENTIFIER = HiKiddo.HiKiddoTests;
				PRODUCT_NAME = "$(TARGET_NAME)";
				SWIFT_EMIT_LOC_STRINGS = NO;
				SWIFT_VERSION = 5.0;
				TARGETED_DEVICE_FAMILY = "1,2";
				TEST_HOST = "$(BUILT_PRODUCTS_DIR)/HiKiddo.app/$(BUNDLE_EXECUTABLE_FOLDER_PATH)/HiKiddo";
			};
			name = Debug;
		};
		133AB6782D2C9785007397CF /* Release */ = {
			isa = XCBuildConfiguration;
			buildSettings = {
				BUNDLE_LOADER = "$(TEST_HOST)";
				CODE_SIGN_STYLE = Automatic;
				CURRENT_PROJECT_VERSION = 1;
				DEVELOPMENT_TEAM = M6FZGDWLJ4;
				GENERATE_INFOPLIST_FILE = YES;
				IPHONEOS_DEPLOYMENT_TARGET = 18.1;
				MARKETING_VERSION = 1.0;
				PRODUCT_BUNDLE_IDENTIFIER = HiKiddo.HiKiddoTests;
				PRODUCT_NAME = "$(TARGET_NAME)";
				SWIFT_EMIT_LOC_STRINGS = NO;
				SWIFT_VERSION = 5.0;
				TARGETED_DEVICE_FAMILY = "1,2";
				TEST_HOST = "$(BUILT_PRODUCTS_DIR)/HiKiddo.app/$(BUNDLE_EXECUTABLE_FOLDER_PATH)/HiKiddo";
			};
			name = Release;
		};
		133AB67A2D2C9785007397CF /* Debug */ = {
			isa = XCBuildConfiguration;
			buildSettings = {
				CODE_SIGN_STYLE = Automatic;
				CURRENT_PROJECT_VERSION = 1;
				DEVELOPMENT_TEAM = M6FZGDWLJ4;
				GENERATE_INFOPLIST_FILE = YES;
				MARKETING_VERSION = 1.0;
				PRODUCT_BUNDLE_IDENTIFIER = HiKiddo.HiKiddoUITests;
				PRODUCT_NAME = "$(TARGET_NAME)";
				SWIFT_EMIT_LOC_STRINGS = NO;
				SWIFT_VERSION = 5.0;
				TARGETED_DEVICE_FAMILY = "1,2";
				TEST_TARGET_NAME = HiKiddo;
			};
			name = Debug;
		};
		133AB67B2D2C9785007397CF /* Release */ = {
			isa = XCBuildConfiguration;
			buildSettings = {
				CODE_SIGN_STYLE = Automatic;
				CURRENT_PROJECT_VERSION = 1;
				DEVELOPMENT_TEAM = M6FZGDWLJ4;
				GENERATE_INFOPLIST_FILE = YES;
				MARKETING_VERSION = 1.0;
				PRODUCT_BUNDLE_IDENTIFIER = HiKiddo.HiKiddoUITests;
				PRODUCT_NAME = "$(TARGET_NAME)";
				SWIFT_EMIT_LOC_STRINGS = NO;
				SWIFT_VERSION = 5.0;
				TARGETED_DEVICE_FAMILY = "1,2";
				TEST_TARGET_NAME = HiKiddo;
			};
			name = Release;
		};
/* End XCBuildConfiguration section */

/* Begin XCConfigurationList section */
		133AB64A2D2C9784007397CF /* Build configuration list for PBXProject "HiKiddo" */ = {
			isa = XCConfigurationList;
			buildConfigurations = (
				133AB6712D2C9785007397CF /* Debug */,
				133AB6722D2C9785007397CF /* Release */,
			);
			defaultConfigurationIsVisible = 0;
			defaultConfigurationName = Release;
		};
		133AB6732D2C9785007397CF /* Build configuration list for PBXNativeTarget "HiKiddo" */ = {
			isa = XCConfigurationList;
			buildConfigurations = (
				133AB6742D2C9785007397CF /* Debug */,
				133AB6752D2C9785007397CF /* Release */,
			);
			defaultConfigurationIsVisible = 0;
			defaultConfigurationName = Release;
		};
		133AB6762D2C9785007397CF /* Build configuration list for PBXNativeTarget "HiKiddoTests" */ = {
			isa = XCConfigurationList;
			buildConfigurations = (
				133AB6772D2C9785007397CF /* Debug */,
				133AB6782D2C9785007397CF /* Release */,
			);
			defaultConfigurationIsVisible = 0;
			defaultConfigurationName = Release;
		};
		133AB6792D2C9785007397CF /* Build configuration list for PBXNativeTarget "HiKiddoUITests" */ = {
			isa = XCConfigurationList;
			buildConfigurations = (
				133AB67A2D2C9785007397CF /* Debug */,
				133AB67B2D2C9785007397CF /* Release */,
			);
			defaultConfigurationIsVisible = 0;
			defaultConfigurationName = Release;
		};
/* End XCConfigurationList section */
	};
	rootObject = 133AB6472D2C9784007397CF /* Project object */;
}
